// !$*UTF8*$!
{
	archiveVersion = 1;
	classes = {
	};
	objectVersion = 46;
	objects = {

/* Begin PBXBuildFile section */
		BF5A085A1BB286020080641C /* main.m in Sources */ = {isa = PBXBuildFile; fileRef = BF5A08591BB286020080641C /* main.m */; };
		BF5A085D1BB286020080641C /* AppDelegate.m in Sources */ = {isa = PBXBuildFile; fileRef = BF5A085C1BB286020080641C /* AppDelegate.m */; };
		BF5A08601BB286020080641C /* ViewController.m in Sources */ = {isa = PBXBuildFile; fileRef = BF5A085F1BB286020080641C /* ViewController.m */; };
		BF5A08631BB286020080641C /* Main.storyboard in Resources */ = {isa = PBXBuildFile; fileRef = BF5A08611BB286020080641C /* Main.storyboard */; };
		BF5A08651BB286020080641C /* Images.xcassets in Resources */ = {isa = PBXBuildFile; fileRef = BF5A08641BB286020080641C /* Images.xcassets */; };
		BF5A08681BB286020080641C /* LaunchScreen.xib in Resources */ = {isa = PBXBuildFile; fileRef = BF5A08661BB286020080641C /* LaunchScreen.xib */; };
		BF5A08741BB286020080641C /* MMTravelTests.m in Sources */ = {isa = PBXBuildFile; fileRef = BF5A08731BB286020080641C /* MMTravelTests.m */; };
/* End PBXBuildFile section */

/* Begin PBXContainerItemProxy section */
		BF5A086E1BB286020080641C /* PBXContainerItemProxy */ = {
			isa = PBXContainerItemProxy;
			containerPortal = BF5A084C1BB286020080641C /* Project object */;
			proxyType = 1;
			remoteGlobalIDString = BF5A08531BB286020080641C;
			remoteInfo = MMTravel;
		};
/* End PBXContainerItemProxy section */

/* Begin PBXFileReference section */
		BF5A08541BB286020080641C /* MMTravel.app */ = {isa = PBXFileReference; explicitFileType = wrapper.application; includeInIndex = 0; path = MMTravel.app; sourceTree = BUILT_PRODUCTS_DIR; };
		BF5A08581BB286020080641C /* Info.plist */ = {isa = PBXFileReference; lastKnownFileType = text.plist.xml; path = Info.plist; sourceTree = "<group>"; };
		BF5A08591BB286020080641C /* main.m */ = {isa = PBXFileReference; lastKnownFileType = sourcecode.c.objc; path = main.m; sourceTree = "<group>"; };
		BF5A085B1BB286020080641C /* AppDelegate.h */ = {isa = PBXFileReference; lastKnownFileType = sourcecode.c.h; path = AppDelegate.h; sourceTree = "<group>"; };
		BF5A085C1BB286020080641C /* AppDelegate.m */ = {isa = PBXFileReference; lastKnownFileType = sourcecode.c.objc; path = AppDelegate.m; sourceTree = "<group>"; };
		BF5A085E1BB286020080641C /* ViewController.h */ = {isa = PBXFileReference; lastKnownFileType = sourcecode.c.h; path = ViewController.h; sourceTree = "<group>"; };
		BF5A085F1BB286020080641C /* ViewController.m */ = {isa = PBXFileReference; lastKnownFileType = sourcecode.c.objc; path = ViewController.m; sourceTree = "<group>"; };
		BF5A08621BB286020080641C /* Base */ = {isa = PBXFileReference; lastKnownFileType = file.storyboard; name = Base; path = Base.lproj/Main.storyboard; sourceTree = "<group>"; };
		BF5A08641BB286020080641C /* Images.xcassets */ = {isa = PBXFileReference; lastKnownFileType = folder.assetcatalog; path = Images.xcassets; sourceTree = "<group>"; };
		BF5A08671BB286020080641C /* Base */ = {isa = PBXFileReference; lastKnownFileType = file.xib; name = Base; path = Base.lproj/LaunchScreen.xib; sourceTree = "<group>"; };
		BF5A086D1BB286020080641C /* MMTravelTests.xctest */ = {isa = PBXFileReference; explicitFileType = wrapper.cfbundle; includeInIndex = 0; path = MMTravelTests.xctest; sourceTree = BUILT_PRODUCTS_DIR; };
		BF5A08721BB286020080641C /* Info.plist */ = {isa = PBXFileReference; lastKnownFileType = text.plist.xml; path = Info.plist; sourceTree = "<group>"; };
		BF5A08731BB286020080641C /* MMTravelTests.m */ = {isa = PBXFileReference; lastKnownFileType = sourcecode.c.objc; path = MMTravelTests.m; sourceTree = "<group>"; };
/* End PBXFileReference section */

/* Begin PBXFrameworksBuildPhase section */
		BF5A08511BB286020080641C /* Frameworks */ = {
			isa = PBXFrameworksBuildPhase;
			buildActionMask = 2147483647;
			files = (
			);
			runOnlyForDeploymentPostprocessing = 0;
		};
		BF5A086A1BB286020080641C /* Frameworks */ = {
			isa = PBXFrameworksBuildPhase;
			buildActionMask = 2147483647;
			files = (
			);
			runOnlyForDeploymentPostprocessing = 0;
		};
/* End PBXFrameworksBuildPhase section */

/* Begin PBXGroup section */
		BF5A084B1BB286020080641C = {
			isa = PBXGroup;
			children = (
				BF5A08561BB286020080641C /* MMTravel */,
				BF5A08701BB286020080641C /* MMTravelTests */,
				BF5A08551BB286020080641C /* Products */,
			);
			sourceTree = "<group>";
		};
		BF5A08551BB286020080641C /* Products */ = {
			isa = PBXGroup;
			children = (
				BF5A08541BB286020080641C /* MMTravel.app */,
				BF5A086D1BB286020080641C /* MMTravelTests.xctest */,
			);
			name = Products;
			sourceTree = "<group>";
		};
		BF5A08561BB286020080641C /* MMTravel */ = {
			isa = PBXGroup;
			children = (
				BF5A085B1BB286020080641C /* AppDelegate.h */,
				BF5A085C1BB286020080641C /* AppDelegate.m */,
				BF5A085E1BB286020080641C /* ViewController.h */,
				BF5A085F1BB286020080641C /* ViewController.m */,
				BF5A08611BB286020080641C /* Main.storyboard */,
				BF5A08641BB286020080641C /* Images.xcassets */,
				BF5A08661BB286020080641C /* LaunchScreen.xib */,
				BF5A08571BB286020080641C /* Supporting Files */,
			);
			path = MMTravel;
			sourceTree = "<group>";
		};
		BF5A08571BB286020080641C /* Supporting Files */ = {
			isa = PBXGroup;
			children = (
				BF5A08581BB286020080641C /* Info.plist */,
				BF5A08591BB286020080641C /* main.m */,
			);
			name = "Supporting Files";
			sourceTree = "<group>";
		};
		BF5A08701BB286020080641C /* MMTravelTests */ = {
			isa = PBXGroup;
			children = (
				BF5A08731BB286020080641C /* MMTravelTests.m */,
				BF5A08711BB286020080641C /* Supporting Files */,
			);
			path = MMTravelTests;
			sourceTree = "<group>";
		};
		BF5A08711BB286020080641C /* Supporting Files */ = {
			isa = PBXGroup;
			children = (
				BF5A08721BB286020080641C /* Info.plist */,
			);
			name = "Supporting Files";
			sourceTree = "<group>";
		};
/* End PBXGroup section */

/* Begin PBXNativeTarget section */
		BF5A08531BB286020080641C /* MMTravel */ = {
			isa = PBXNativeTarget;
			buildConfigurationList = BF5A08771BB286020080641C /* Build configuration list for PBXNativeTarget "MMTravel" */;
			buildPhases = (
				BF5A08501BB286020080641C /* Sources */,
				BF5A08511BB286020080641C /* Frameworks */,
				BF5A08521BB286020080641C /* Resources */,
			);
			buildRules = (
			);
			dependencies = (
			);
			name = MMTravel;
			productName = MMTravel;
			productReference = BF5A08541BB286020080641C /* MMTravel.app */;
			productType = "com.apple.product-type.application";
		};
		BF5A086C1BB286020080641C /* MMTravelTests */ = {
			isa = PBXNativeTarget;
			buildConfigurationList = BF5A087A1BB286020080641C /* Build configuration list for PBXNativeTarget "MMTravelTests" */;
			buildPhases = (
				BF5A08691BB286020080641C /* Sources */,
				BF5A086A1BB286020080641C /* Frameworks */,
				BF5A086B1BB286020080641C /* Resources */,
			);
			buildRules = (
			);
			dependencies = (
				BF5A086F1BB286020080641C /* PBXTargetDependency */,
			);
			name = MMTravelTests;
			productName = MMTravelTests;
			productReference = BF5A086D1BB286020080641C /* MMTravelTests.xctest */;
			productType = "com.apple.product-type.bundle.unit-test";
		};
/* End PBXNativeTarget section */

/* Begin PBXProject section */
		BF5A084C1BB286020080641C /* Project object */ = {
			isa = PBXProject;
			attributes = {
				LastUpgradeCheck = 0640;
				ORGANIZATIONNAME = super;
				TargetAttributes = {
					BF5A08531BB286020080641C = {
						CreatedOnToolsVersion = 6.4;
					};
					BF5A086C1BB286020080641C = {
						CreatedOnToolsVersion = 6.4;
						TestTargetID = BF5A08531BB286020080641C;
					};
				};
			};
			buildConfigurationList = BF5A084F1BB286020080641C /* Build configuration list for PBXProject "MMTravel" */;
			compatibilityVersion = "Xcode 3.2";
			developmentRegion = English;
			hasScannedForEncodings = 0;
			knownRegions = (
				en,
				Base,
			);
			mainGroup = BF5A084B1BB286020080641C;
			productRefGroup = BF5A08551BB286020080641C /* Products */;
			projectDirPath = "";
			projectRoot = "";
			targets = (
				BF5A08531BB286020080641C /* MMTravel */,
				BF5A086C1BB286020080641C /* MMTravelTests */,
			);
		};
/* End PBXProject section */

/* Begin PBXResourcesBuildPhase section */
		BF5A08521BB286020080641C /* Resources */ = {
			isa = PBXResourcesBuildPhase;
			buildActionMask = 2147483647;
			files = (
				BF5A08631BB286020080641C /* Main.storyboard in Resources */,
				BF5A08681BB286020080641C /* LaunchScreen.xib in Resources */,
				BF5A08651BB286020080641C /* Images.xcassets in Resources */,
			);
			runOnlyForDeploymentPostprocessing = 0;
		};
		BF5A086B1BB286020080641C /* Resources */ = {
			isa = PBXResourcesBuildPhase;
			buildActionMask = 2147483647;
			files = (
			);
			runOnlyForDeploymentPostprocessing = 0;
		};
/* End PBXResourcesBuildPhase section */

/* Begin PBXSourcesBuildPhase section */
		BF5A08501BB286020080641C /* Sources */ = {
			isa = PBXSourcesBuildPhase;
			buildActionMask = 2147483647;
			files = (
				BF5A08601BB286020080641C /* ViewController.m in Sources */,
				BF5A085D1BB286020080641C /* AppDelegate.m in Sources */,
				BF5A085A1BB286020080641C /* main.m in Sources */,
			);
			runOnlyForDeploymentPostprocessing = 0;
		};
		BF5A08691BB286020080641C /* Sources */ = {
			isa = PBXSourcesBuildPhase;
			buildActionMask = 2147483647;
			files = (
				BF5A08741BB286020080641C /* MMTravelTests.m in Sources */,
			);
			runOnlyForDeploymentPostprocessing = 0;
		};
/* End PBXSourcesBuildPhase section */

/* Begin PBXTargetDependency section */
		BF5A086F1BB286020080641C /* PBXTargetDependency */ = {
			isa = PBXTargetDependency;
			target = BF5A08531BB286020080641C /* MMTravel */;
			targetProxy = BF5A086E1BB286020080641C /* PBXContainerItemProxy */;
		};
/* End PBXTargetDependency section */

/* Begin PBXVariantGroup section */
		BF5A08611BB286020080641C /* Main.storyboard */ = {
			isa = PBXVariantGroup;
			children = (
				BF5A08621BB286020080641C /* Base */,
			);
			name = Main.storyboard;
			sourceTree = "<group>";
		};
		BF5A08661BB286020080641C /* LaunchScreen.xib */ = {
			isa = PBXVariantGroup;
			children = (
				BF5A08671BB286020080641C /* Base */,
			);
			name = LaunchScreen.xib;
			sourceTree = "<group>";
		};
/* End PBXVariantGroup section */

/* Begin XCBuildConfiguration section */
		BF5A08751BB286020080641C /* Debug */ = {
			isa = XCBuildConfiguration;
			buildSettings = {
				ALWAYS_SEARCH_USER_PATHS = NO;
				CLANG_CXX_LANGUAGE_STANDARD = "gnu++0x";
				CLANG_CXX_LIBRARY = "libc++";
				CLANG_ENABLE_MODULES = YES;
				CLANG_ENABLE_OBJC_ARC = YES;
				CLANG_WARN_BOOL_CONVERSION = YES;
				CLANG_WARN_CONSTANT_CONVERSION = YES;
				CLANG_WARN_DIRECT_OBJC_ISA_USAGE = YES_ERROR;
				CLANG_WARN_EMPTY_BODY = YES;
				CLANG_WARN_ENUM_CONVERSION = YES;
				CLANG_WARN_INT_CONVERSION = YES;
				CLANG_WARN_OBJC_ROOT_CLASS = YES_ERROR;
				CLANG_WARN_UNREACHABLE_CODE = YES;
				CLANG_WARN__DUPLICATE_METHOD_MATCH = YES;
				"CODE_SIGN_IDENTITY[sdk=iphoneos*]" = "iPhone Developer";
				COPY_PHASE_STRIP = NO;
				DEBUG_INFORMATION_FORMAT = "dwarf-with-dsym";
				ENABLE_STRICT_OBJC_MSGSEND = YES;
				GCC_C_LANGUAGE_STANDARD = gnu99;
				GCC_DYNAMIC_NO_PIC = NO;
				GCC_NO_COMMON_BLOCKS = YES;
				GCC_OPTIMIZATION_LEVEL = 0;
				GCC_PREPROCESSOR_DEFINITIONS = (
					"DEBUG=1",
					"$(inherited)",
				);
				GCC_SYMBOLS_PRIVATE_EXTERN = NO;
				GCC_WARN_64_TO_32_BIT_CONVERSION = YES;
				GCC_WARN_ABOUT_RETURN_TYPE = YES_ERROR;
				GCC_WARN_UNDECLARED_SELECTOR = YES;
				GCC_WARN_UNINITIALIZED_AUTOS = YES_AGGRESSIVE;
				GCC_WARN_UNUSED_FUNCTION = YES;
				GCC_WARN_UNUSED_VARIABLE = YES;
				IPHONEOS_DEPLOYMENT_TARGET = 8.4;
				MTL_ENABLE_DEBUG_INFO = YES;
				ONLY_ACTIVE_ARCH = YES;
				SDKROOT = iphoneos;
				TARGETED_DEVICE_FAMILY = "1,2";
			};
			name = Debug;
		};
		BF5A08761BB286020080641C /* Release */ = {
			isa = XCBuildConfiguration;
			buildSettings = {
				ALWAYS_SEARCH_USER_PATHS = NO;
				CLANG_CXX_LANGUAGE_STANDARD = "gnu++0x";
				CLANG_CXX_LIBRARY = "libc++";
				CLANG_ENABLE_MODULES = YES;
				CLANG_ENABLE_OBJC_ARC = YES;
				CLANG_WARN_BOOL_CONVERSION = YES;
				CLANG_WARN_CONSTANT_CONVERSION = YES;
				CLANG_WARN_DIRECT_OBJC_ISA_USAGE = YES_ERROR;
				CLANG_WARN_EMPTY_BODY = YES;
				CLANG_WARN_ENUM_CONVERSION = YES;
				CLANG_WARN_INT_CONVERSION = YES;
				CLANG_WARN_OBJC_ROOT_CLASS = YES_ERROR;
				CLANG_WARN_UNREACHABLE_CODE = YES;
				CLANG_WARN__DUPLICATE_METHOD_MATCH = YES;
				"CODE_SIGN_IDENTITY[sdk=iphoneos*]" = "iPhone Developer";
				COPY_PHASE_STRIP = NO;
				DEBUG_INFORMATION_FORMAT = "dwarf-with-dsym";
				ENABLE_NS_ASSERTIONS = NO;
				ENABLE_STRICT_OBJC_MSGSEND = YES;
				GCC_C_LANGUAGE_STANDARD = gnu99;
				GCC_NO_COMMON_BLOCKS = YES;
				GCC_WARN_64_TO_32_BIT_CONVERSION = YES;
				GCC_WARN_ABOUT_RETURN_TYPE = YES_ERROR;
				GCC_WARN_UNDECLARED_SELECTOR = YES;
				GCC_WARN_UNINITIALIZED_AUTOS = YES_AGGRESSIVE;
				GCC_WARN_UNUSED_FUNCTION = YES;
				GCC_WARN_UNUSED_VARIABLE = YES;
				IPHONEOS_DEPLOYMENT_TARGET = 8.4;
				MTL_ENABLE_DEBUG_INFO = NO;
				SDKROOT = iphoneos;
				TARGETED_DEVICE_FAMILY = "1,2";
				VALIDATE_PRODUCT = YES;
			};
			name = Release;
		};
		BF5A08781BB286020080641C /* Debug */ = {
			isa = XCBuildConfiguration;
			buildSettings = {
				ASSETCATALOG_COMPILER_APPICON_NAME = AppIcon;
				INFOPLIST_FILE = MMTravel/Info.plist;
				LD_RUNPATH_SEARCH_PATHS = "$(inherited) @executable_path/Frameworks";
				PRODUCT_NAME = "$(TARGET_NAME)";
			};
			name = Debug;
		};
		BF5A08791BB286020080641C /* Release */ = {
			isa = XCBuildConfiguration;
			buildSettings = {
				ASSETCATALOG_COMPILER_APPICON_NAME = AppIcon;
				INFOPLIST_FILE = MMTravel/Info.plist;
				LD_RUNPATH_SEARCH_PATHS = "$(inherited) @executable_path/Frameworks";
				PRODUCT_NAME = "$(TARGET_NAME)";
			};
			name = Release;
		};
		BF5A087B1BB286020080641C /* Debug */ = {
			isa = XCBuildConfiguration;
			buildSettings = {
				BUNDLE_LOADER = "$(TEST_HOST)";
				FRAMEWORK_SEARCH_PATHS = (
					"$(SDKROOT)/Developer/Library/Frameworks",
					"$(inherited)",
				);
				GCC_PREPROCESSOR_DEFINITIONS = (
					"DEBUG=1",
					"$(inherited)",
				);
				INFOPLIST_FILE = MMTravelTests/Info.plist;
				LD_RUNPATH_SEARCH_PATHS = "$(inherited) @executable_path/Frameworks @loader_path/Frameworks";
				PRODUCT_NAME = "$(TARGET_NAME)";
				TEST_HOST = "$(BUILT_PRODUCTS_DIR)/MMTravel.app/MMTravel";
			};
			name = Debug;
		};
		BF5A087C1BB286020080641C /* Release */ = {
			isa = XCBuildConfiguration;
			buildSettings = {
				BUNDLE_LOADER = "$(TEST_HOST)";
				FRAMEWORK_SEARCH_PATHS = (
					"$(SDKROOT)/Developer/Library/Frameworks",
					"$(inherited)",
				);
				INFOPLIST_FILE = MMTravelTests/Info.plist;
				LD_RUNPATH_SEARCH_PATHS = "$(inherited) @executable_path/Frameworks @loader_path/Frameworks";
				PRODUCT_NAME = "$(TARGET_NAME)";
				TEST_HOST = "$(BUILT_PRODUCTS_DIR)/MMTravel.app/MMTravel";
			};
			name = Release;
		};
/* End XCBuildConfiguration section */

/* Begin XCConfigurationList section */
		BF5A084F1BB286020080641C /* Build configuration list for PBXProject "MMTravel" */ = {
			isa = XCConfigurationList;
			buildConfigurations = (
				BF5A08751BB286020080641C /* Debug */,
				BF5A08761BB286020080641C /* Release */,
			);
			defaultConfigurationIsVisible = 0;
			defaultConfigurationName = Release;
		};
		BF5A08771BB286020080641C /* Build configuration list for PBXNativeTarget "MMTravel" */ = {
			isa = XCConfigurationList;
			buildConfigurations = (
				BF5A08781BB286020080641C /* Debug */,
				BF5A08791BB286020080641C /* Release */,
			);
			defaultConfigurationIsVisible = 0;
		};
		BF5A087A1BB286020080641C /* Build configuration list for PBXNativeTarget "MMTravelTests" */ = {
			isa = XCConfigurationList;
			buildConfigurations = (
				BF5A087B1BB286020080641C /* Debug */,
				BF5A087C1BB286020080641C /* Release */,
			);
			defaultConfigurationIsVisible = 0;
		};
/* End XCConfigurationList section */
	};
	rootObject = BF5A084C1BB286020080641C /* Project object */;
}
